// !$*UTF8*$!
{
	archiveVersion = 1;
	classes = {
	};
	objectVersion = 55;
	objects = {

/* Begin PBXBuildFile section */
		106067DA2898603800DAE8E0 /* AppDelegate.swift in Sources */ = {isa = PBXBuildFile; fileRef = 106067D92898603800DAE8E0 /* AppDelegate.swift */; };
		106067DC2898603800DAE8E0 /* SceneDelegate.swift in Sources */ = {isa = PBXBuildFile; fileRef = 106067DB2898603800DAE8E0 /* SceneDelegate.swift */; };
		106067DE2898603800DAE8E0 /* ViewController.swift in Sources */ = {isa = PBXBuildFile; fileRef = 106067DD2898603800DAE8E0 /* ViewController.swift */; };
		106067E12898603800DAE8E0 /* Main.storyboard in Resources */ = {isa = PBXBuildFile; fileRef = 106067DF2898603800DAE8E0 /* Main.storyboard */; };
		106067E32898603B00DAE8E0 /* Assets.xcassets in Resources */ = {isa = PBXBuildFile; fileRef = 106067E22898603B00DAE8E0 /* Assets.xcassets */; };
		106067E62898603B00DAE8E0 /* LaunchScreen.storyboard in Resources */ = {isa = PBXBuildFile; fileRef = 106067E42898603B00DAE8E0 /* LaunchScreen.storyboard */; };
		106067F12898603B00DAE8E0 /* TableviewTests.swift in Sources */ = {isa = PBXBuildFile; fileRef = 106067F02898603B00DAE8E0 /* TableviewTests.swift */; };
		106067FB2898603B00DAE8E0 /* TableviewUITests.swift in Sources */ = {isa = PBXBuildFile; fileRef = 106067FA2898603B00DAE8E0 /* TableviewUITests.swift */; };
		106067FD2898603B00DAE8E0 /* TableviewUITestsLaunchTests.swift in Sources */ = {isa = PBXBuildFile; fileRef = 106067FC2898603B00DAE8E0 /* TableviewUITestsLaunchTests.swift */; };
/* End PBXBuildFile section */

/* Begin PBXContainerItemProxy section */
		106067ED2898603B00DAE8E0 /* PBXContainerItemProxy */ = {
			isa = PBXContainerItemProxy;
			containerPortal = 106067CE2898603800DAE8E0 /* Project object */;
			proxyType = 1;
			remoteGlobalIDString = 106067D52898603800DAE8E0;
			remoteInfo = Tableview;
		};
		106067F72898603B00DAE8E0 /* PBXContainerItemProxy */ = {
			isa = PBXContainerItemProxy;
			containerPortal = 106067CE2898603800DAE8E0 /* Project object */;
			proxyType = 1;
			remoteGlobalIDString = 106067D52898603800DAE8E0;
			remoteInfo = Tableview;
		};
/* End PBXContainerItemProxy section */

/* Begin PBXFileReference section */
		106067D62898603800DAE8E0 /* Tableview.app */ = {isa = PBXFileReference; explicitFileType = wrapper.application; includeInIndex = 0; path = Tableview.app; sourceTree = BUILT_PRODUCTS_DIR; };
		106067D92898603800DAE8E0 /* AppDelegate.swift */ = {isa = PBXFileReference; lastKnownFileType = sourcecode.swift; path = AppDelegate.swift; sourceTree = "<group>"; };
		106067DB2898603800DAE8E0 /* SceneDelegate.swift */ = {isa = PBXFileReference; lastKnownFileType = sourcecode.swift; path = SceneDelegate.swift; sourceTree = "<group>"; };
		106067DD2898603800DAE8E0 /* ViewController.swift */ = {isa = PBXFileReference; lastKnownFileType = sourcecode.swift; path = ViewController.swift; sourceTree = "<group>"; };
		106067E02898603800DAE8E0 /* Base */ = {isa = PBXFileReference; lastKnownFileType = file.storyboard; name = Base; path = Base.lproj/Main.storyboard; sourceTree = "<group>"; };
		106067E22898603B00DAE8E0 /* Assets.xcassets */ = {isa = PBXFileReference; lastKnownFileType = folder.assetcatalog; path = Assets.xcassets; sourceTree = "<group>"; };
		106067E52898603B00DAE8E0 /* Base */ = {isa = PBXFileReference; lastKnownFileType = file.storyboard; name = Base; path = Base.lproj/LaunchScreen.storyboard; sourceTree = "<group>"; };
		106067E72898603B00DAE8E0 /* Info.plist */ = {isa = PBXFileReference; lastKnownFileType = text.plist.xml; path = Info.plist; sourceTree = "<group>"; };
		106067EC2898603B00DAE8E0 /* TableviewTests.xctest */ = {isa = PBXFileReference; explicitFileType = wrapper.cfbundle; includeInIndex = 0; path = TableviewTests.xctest; sourceTree = BUILT_PRODUCTS_DIR; };
		106067F02898603B00DAE8E0 /* TableviewTests.swift */ = {isa = PBXFileReference; lastKnownFileType = sourcecode.swift; path = TableviewTests.swift; sourceTree = "<group>"; };
		106067F62898603B00DAE8E0 /* TableviewUITests.xctest */ = {isa = PBXFileReference; explicitFileType = wrapper.cfbundle; includeInIndex = 0; path = TableviewUITests.xctest; sourceTree = BUILT_PRODUCTS_DIR; };
		106067FA2898603B00DAE8E0 /* TableviewUITests.swift */ = {isa = PBXFileReference; lastKnownFileType = sourcecode.swift; path = TableviewUITests.swift; sourceTree = "<group>"; };
		106067FC2898603B00DAE8E0 /* TableviewUITestsLaunchTests.swift */ = {isa = PBXFileReference; lastKnownFileType = sourcecode.swift; path = TableviewUITestsLaunchTests.swift; sourceTree = "<group>"; };
/* End PBXFileReference section */

/* Begin PBXFrameworksBuildPhase section */
		106067D32898603800DAE8E0 /* Frameworks */ = {
			isa = PBXFrameworksBuildPhase;
			buildActionMask = 2147483647;
			files = (
			);
			runOnlyForDeploymentPostprocessing = 0;
		};
		106067E92898603B00DAE8E0 /* Frameworks */ = {
			isa = PBXFrameworksBuildPhase;
			buildActionMask = 2147483647;
			files = (
			);
			runOnlyForDeploymentPostprocessing = 0;
		};
		106067F32898603B00DAE8E0 /* Frameworks */ = {
			isa = PBXFrameworksBuildPhase;
			buildActionMask = 2147483647;
			files = (
			);
			runOnlyForDeploymentPostprocessing = 0;
		};
/* End PBXFrameworksBuildPhase section */

/* Begin PBXGroup section */
		106067CD2898603800DAE8E0 = {
			isa = PBXGroup;
			children = (
				106067D82898603800DAE8E0 /* Tableview */,
				106067EF2898603B00DAE8E0 /* TableviewTests */,
				106067F92898603B00DAE8E0 /* TableviewUITests */,
				106067D72898603800DAE8E0 /* Products */,
			);
			sourceTree = "<group>";
		};
		106067D72898603800DAE8E0 /* Products */ = {
			isa = PBXGroup;
			children = (
				106067D62898603800DAE8E0 /* Tableview.app */,
				106067EC2898603B00DAE8E0 /* TableviewTests.xctest */,
				106067F62898603B00DAE8E0 /* TableviewUITests.xctest */,
			);
			name = Products;
			sourceTree = "<group>";
		};
		106067D82898603800DAE8E0 /* Tableview */ = {
			isa = PBXGroup;
			children = (
				106067D92898603800DAE8E0 /* AppDelegate.swift */,
				106067DB2898603800DAE8E0 /* SceneDelegate.swift */,
				106067DD2898603800DAE8E0 /* ViewController.swift */,
				106067DF2898603800DAE8E0 /* Main.storyboard */,
				106067E22898603B00DAE8E0 /* Assets.xcassets */,
				106067E42898603B00DAE8E0 /* LaunchScreen.storyboard */,
				106067E72898603B00DAE8E0 /* Info.plist */,
			);
			path = Tableview;
			sourceTree = "<group>";
		};
		106067EF2898603B00DAE8E0 /* TableviewTests */ = {
			isa = PBXGroup;
			children = (
				106067F02898603B00DAE8E0 /* TableviewTests.swift */,
			);
			path = TableviewTests;
			sourceTree = "<group>";
		};
		106067F92898603B00DAE8E0 /* TableviewUITests */ = {
			isa = PBXGroup;
			children = (
				106067FA2898603B00DAE8E0 /* TableviewUITests.swift */,
				106067FC2898603B00DAE8E0 /* TableviewUITestsLaunchTests.swift */,
			);
			path = TableviewUITests;
			sourceTree = "<group>";
		};
/* End PBXGroup section */

/* Begin PBXNativeTarget section */
		106067D52898603800DAE8E0 /* Tableview */ = {
			isa = PBXNativeTarget;
			buildConfigurationList = 106068002898603B00DAE8E0 /* Build configuration list for PBXNativeTarget "Tableview" */;
			buildPhases = (
				106067D22898603800DAE8E0 /* Sources */,
				106067D32898603800DAE8E0 /* Frameworks */,
				106067D42898603800DAE8E0 /* Resources */,
			);
			buildRules = (
			);
			dependencies = (
			);
			name = Tableview;
			productName = Tableview;
			productReference = 106067D62898603800DAE8E0 /* Tableview.app */;
			productType = "com.apple.product-type.application";
		};
		106067EB2898603B00DAE8E0 /* TableviewTests */ = {
			isa = PBXNativeTarget;
			buildConfigurationList = 106068032898603B00DAE8E0 /* Build configuration list for PBXNativeTarget "TableviewTests" */;
			buildPhases = (
				106067E82898603B00DAE8E0 /* Sources */,
				106067E92898603B00DAE8E0 /* Frameworks */,
				106067EA2898603B00DAE8E0 /* Resources */,
			);
			buildRules = (
			);
			dependencies = (
				106067EE2898603B00DAE8E0 /* PBXTargetDependency */,
			);
			name = TableviewTests;
			productName = TableviewTests;
			productReference = 106067EC2898603B00DAE8E0 /* TableviewTests.xctest */;
			productType = "com.apple.product-type.bundle.unit-test";
		};
		106067F52898603B00DAE8E0 /* TableviewUITests */ = {
			isa = PBXNativeTarget;
			buildConfigurationList = 106068062898603B00DAE8E0 /* Build configuration list for PBXNativeTarget "TableviewUITests" */;
			buildPhases = (
				106067F22898603B00DAE8E0 /* Sources */,
				106067F32898603B00DAE8E0 /* Frameworks */,
				106067F42898603B00DAE8E0 /* Resources */,
			);
			buildRules = (
			);
			dependencies = (
				106067F82898603B00DAE8E0 /* PBXTargetDependency */,
			);
			name = TableviewUITests;
			productName = TableviewUITests;
			productReference = 106067F62898603B00DAE8E0 /* TableviewUITests.xctest */;
			productType = "com.apple.product-type.bundle.ui-testing";
		};
/* End PBXNativeTarget section */

/* Begin PBXProject section */
		106067CE2898603800DAE8E0 /* Project object */ = {
			isa = PBXProject;
			attributes = {
				BuildIndependentTargetsInParallel = 1;
				LastSwiftUpdateCheck = 1340;
				LastUpgradeCheck = 1340;
				TargetAttributes = {
					106067D52898603800DAE8E0 = {
						CreatedOnToolsVersion = 13.4.1;
					};
					106067EB2898603B00DAE8E0 = {
						CreatedOnToolsVersion = 13.4.1;
						TestTargetID = 106067D52898603800DAE8E0;
					};
					106067F52898603B00DAE8E0 = {
						CreatedOnToolsVersion = 13.4.1;
						TestTargetID = 106067D52898603800DAE8E0;
					};
				};
			};
			buildConfigurationList = 106067D12898603800DAE8E0 /* Build configuration list for PBXProject "Tableview" */;
			compatibilityVersion = "Xcode 13.0";
			developmentRegion = en;
			hasScannedForEncodings = 0;
			knownRegions = (
				en,
				Base,
			);
			mainGroup = 106067CD2898603800DAE8E0;
			productRefGroup = 106067D72898603800DAE8E0 /* Products */;
			projectDirPath = "";
			projectRoot = "";
			targets = (
				106067D52898603800DAE8E0 /* Tableview */,
				106067EB2898603B00DAE8E0 /* TableviewTests */,
				106067F52898603B00DAE8E0 /* TableviewUITests */,
			);
		};
/* End PBXProject section */

/* Begin PBXResourcesBuildPhase section */
		106067D42898603800DAE8E0 /* Resources */ = {
			isa = PBXResourcesBuildPhase;
			buildActionMask = 2147483647;
			files = (
				106067E62898603B00DAE8E0 /* LaunchScreen.storyboard in Resources */,
				106067E32898603B00DAE8E0 /* Assets.xcassets in Resources */,
				106067E12898603800DAE8E0 /* Main.storyboard in Resources */,
			);
			runOnlyForDeploymentPostprocessing = 0;
		};
		106067EA2898603B00DAE8E0 /* Resources */ = {
			isa = PBXResourcesBuildPhase;
			buildActionMask = 2147483647;
			files = (
			);
			runOnlyForDeploymentPostprocessing = 0;
		};
		106067F42898603B00DAE8E0 /* Resources */ = {
			isa = PBXResourcesBuildPhase;
			buildActionMask = 2147483647;
			files = (
			);
			runOnlyForDeploymentPostprocessing = 0;
		};
/* End PBXResourcesBuildPhase section */

/* Begin PBXSourcesBuildPhase section */
		106067D22898603800DAE8E0 /* Sources */ = {
			isa = PBXSourcesBuildPhase;
			buildActionMask = 2147483647;
			files = (
				106067DE2898603800DAE8E0 /* ViewController.swift in Sources */,
				106067DA2898603800DAE8E0 /* AppDelegate.swift in Sources */,
				106067DC2898603800DAE8E0 /* SceneDelegate.swift in Sources */,
			);
			runOnlyForDeploymentPostprocessing = 0;
		};
		106067E82898603B00DAE8E0 /* Sources */ = {
			isa = PBXSourcesBuildPhase;
			buildActionMask = 2147483647;
			files = (
				106067F12898603B00DAE8E0 /* TableviewTests.swift in Sources */,
			);
			runOnlyForDeploymentPostprocessing = 0;
		};
		106067F22898603B00DAE8E0 /* Sources */ = {
			isa = PBXSourcesBuildPhase;
			buildActionMask = 2147483647;
			files = (
				106067FD2898603B00DAE8E0 /* TableviewUITestsLaunchTests.swift in Sources */,
				106067FB2898603B00DAE8E0 /* TableviewUITests.swift in Sources */,
			);
			runOnlyForDeploymentPostprocessing = 0;
		};
/* End PBXSourcesBuildPhase section */

/* Begin PBXTargetDependency section */
		106067EE2898603B00DAE8E0 /* PBXTargetDependency */ = {
			isa = PBXTargetDependency;
			target = 106067D52898603800DAE8E0 /* Tableview */;
			targetProxy = 106067ED2898603B00DAE8E0 /* PBXContainerItemProxy */;
		};
		106067F82898603B00DAE8E0 /* PBXTargetDependency */ = {
			isa = PBXTargetDependency;
			target = 106067D52898603800DAE8E0 /* Tableview */;
			targetProxy = 106067F72898603B00DAE8E0 /* PBXContainerItemProxy */;
		};
/* End PBXTargetDependency section */

/* Begin PBXVariantGroup section */
		106067DF2898603800DAE8E0 /* Main.storyboard */ = {
			isa = PBXVariantGroup;
			children = (
				106067E02898603800DAE8E0 /* Base */,
			);
			name = Main.storyboard;
			sourceTree = "<group>";
		};
		106067E42898603B00DAE8E0 /* LaunchScreen.storyboard */ = {
			isa = PBXVariantGroup;
			children = (
				106067E52898603B00DAE8E0 /* Base */,
			);
			name = LaunchScreen.storyboard;
			sourceTree = "<group>";
		};
/* End PBXVariantGroup section */

/* Begin XCBuildConfiguration section */
		106067FE2898603B00DAE8E0 /* Debug */ = {
			isa = XCBuildConfiguration;
			buildSettings = {
				ALWAYS_SEARCH_USER_PATHS = NO;
				CLANG_ANALYZER_NONNULL = YES;
				CLANG_ANALYZER_NUMBER_OBJECT_CONVERSION = YES_AGGRESSIVE;
				CLANG_CXX_LANGUAGE_STANDARD = "gnu++17";
				CLANG_ENABLE_MODULES = YES;
				CLANG_ENABLE_OBJC_ARC = YES;
				CLANG_ENABLE_OBJC_WEAK = YES;
				CLANG_WARN_BLOCK_CAPTURE_AUTORELEASING = YES;
				CLANG_WARN_BOOL_CONVERSION = YES;
				CLANG_WARN_COMMA = YES;
				CLANG_WARN_CONSTANT_CONVERSION = YES;
				CLANG_WARN_DEPRECATED_OBJC_IMPLEMENTATIONS = YES;
				CLANG_WARN_DIRECT_OBJC_ISA_USAGE = YES_ERROR;
				CLANG_WARN_DOCUMENTATION_COMMENTS = YES;
				CLANG_WARN_EMPTY_BODY = YES;
				CLANG_WARN_ENUM_CONVERSION = YES;
				CLANG_WARN_INFINITE_RECURSION = YES;
				CLANG_WARN_INT_CONVERSION = YES;
				CLANG_WARN_NON_LITERAL_NULL_CONVERSION = YES;
				CLANG_WARN_OBJC_IMPLICIT_RETAIN_SELF = YES;
				CLANG_WARN_OBJC_LITERAL_CONVERSION = YES;
				CLANG_WARN_OBJC_ROOT_CLASS = YES_ERROR;
				CLANG_WARN_QUOTED_INCLUDE_IN_FRAMEWORK_HEADER = YES;
				CLANG_WARN_RANGE_LOOP_ANALYSIS = YES;
				CLANG_WARN_STRICT_PROTOTYPES = YES;
				CLANG_WARN_SUSPICIOUS_MOVE = YES;
				CLANG_WARN_UNGUARDED_AVAILABILITY = YES_AGGRESSIVE;
				CLANG_WARN_UNREACHABLE_CODE = YES;
				CLANG_WARN__DUPLICATE_METHOD_MATCH = YES;
				COPY_PHASE_STRIP = NO;
				DEBUG_INFORMATION_FORMAT = dwarf;
				ENABLE_STRICT_OBJC_MSGSEND = YES;
				ENABLE_TESTABILITY = YES;
				GCC_C_LANGUAGE_STANDARD = gnu11;
				GCC_DYNAMIC_NO_PIC = NO;
				GCC_NO_COMMON_BLOCKS = YES;
				GCC_OPTIMIZATION_LEVEL = 0;
				GCC_PREPROCESSOR_DEFINITIONS = (
					"DEBUG=1",
					"$(inherited)",
				);
				GCC_WARN_64_TO_32_BIT_CONVERSION = YES;
				GCC_WARN_ABOUT_RETURN_TYPE = YES_ERROR;
				GCC_WARN_UNDECLARED_SELECTOR = YES;
				GCC_WARN_UNINITIALIZED_AUTOS = YES_AGGRESSIVE;
				GCC_WARN_UNUSED_FUNCTION = YES;
				GCC_WARN_UNUSED_VARIABLE = YES;
				IPHONEOS_DEPLOYMENT_TARGET = 15.5;
				MTL_ENABLE_DEBUG_INFO = INCLUDE_SOURCE;
				MTL_FAST_MATH = YES;
				ONLY_ACTIVE_ARCH = YES;
				SDKROOT = iphoneos;
				SWIFT_ACTIVE_COMPILATION_CONDITIONS = DEBUG;
				SWIFT_OPTIMIZATION_LEVEL = "-Onone";
			};
			name = Debug;
		};
		106067FF2898603B00DAE8E0 /* Release */ = {
			isa = XCBuildConfiguration;
			buildSettings = {
				ALWAYS_SEARCH_USER_PATHS = NO;
				CLANG_ANALYZER_NONNULL = YES;
				CLANG_ANALYZER_NUMBER_OBJECT_CONVERSION = YES_AGGRESSIVE;
				CLANG_CXX_LANGUAGE_STANDARD = "gnu++17";
				CLANG_ENABLE_MODULES = YES;
				CLANG_ENABLE_OBJC_ARC = YES;
				CLANG_ENABLE_OBJC_WEAK = YES;
				CLANG_WARN_BLOCK_CAPTURE_AUTORELEASING = YES;
				CLANG_WARN_BOOL_CONVERSION = YES;
				CLANG_WARN_COMMA = YES;
				CLANG_WARN_CONSTANT_CONVERSION = YES;
				CLANG_WARN_DEPRECATED_OBJC_IMPLEMENTATIONS = YES;
				CLANG_WARN_DIRECT_OBJC_ISA_USAGE = YES_ERROR;
				CLANG_WARN_DOCUMENTATION_COMMENTS = YES;
				CLANG_WARN_EMPTY_BODY = YES;
				CLANG_WARN_ENUM_CONVERSION = YES;
				CLANG_WARN_INFINITE_RECURSION = YES;
				CLANG_WARN_INT_CONVERSION = YES;
				CLANG_WARN_NON_LITERAL_NULL_CONVERSION = YES;
				CLANG_WARN_OBJC_IMPLICIT_RETAIN_SELF = YES;
				CLANG_WARN_OBJC_LITERAL_CONVERSION = YES;
				CLANG_WARN_OBJC_ROOT_CLASS = YES_ERROR;
				CLANG_WARN_QUOTED_INCLUDE_IN_FRAMEWORK_HEADER = YES;
				CLANG_WARN_RANGE_LOOP_ANALYSIS = YES;
				CLANG_WARN_STRICT_PROTOTYPES = YES;
				CLANG_WARN_SUSPICIOUS_MOVE = YES;
				CLANG_WARN_UNGUARDED_AVAILABILITY = YES_AGGRESSIVE;
				CLANG_WARN_UNREACHABLE_CODE = YES;
				CLANG_WARN__DUPLICATE_METHOD_MATCH = YES;
				COPY_PHASE_STRIP = NO;
				DEBUG_INFORMATION_FORMAT = "dwarf-with-dsym";
				ENABLE_NS_ASSERTIONS = NO;
				ENABLE_STRICT_OBJC_MSGSEND = YES;
				GCC_C_LANGUAGE_STANDARD = gnu11;
				GCC_NO_COMMON_BLOCKS = YES;
				GCC_WARN_64_TO_32_BIT_CONVERSION = YES;
				GCC_WARN_ABOUT_RETURN_TYPE = YES_ERROR;
				GCC_WARN_UNDECLARED_SELECTOR = YES;
				GCC_WARN_UNINITIALIZED_AUTOS = YES_AGGRESSIVE;
				GCC_WARN_UNUSED_FUNCTION = YES;
				GCC_WARN_UNUSED_VARIABLE = YES;
				IPHONEOS_DEPLOYMENT_TARGET = 15.5;
				MTL_ENABLE_DEBUG_INFO = NO;
				MTL_FAST_MATH = YES;
				SDKROOT = iphoneos;
				SWIFT_COMPILATION_MODE = wholemodule;
				SWIFT_OPTIMIZATION_LEVEL = "-O";
				VALIDATE_PRODUCT = YES;
			};
			name = Release;
		};
		106068012898603B00DAE8E0 /* Debug */ = {
			isa = XCBuildConfiguration;
			buildSettings = {
				ASSETCATALOG_COMPILER_APPICON_NAME = AppIcon;
				ASSETCATALOG_COMPILER_GLOBAL_ACCENT_COLOR_NAME = AccentColor;
				CODE_SIGN_STYLE = Automatic;
				CURRENT_PROJECT_VERSION = 1;
				GENERATE_INFOPLIST_FILE = YES;
				INFOPLIST_FILE = Tableview/Info.plist;
				INFOPLIST_KEY_UIApplicationSupportsIndirectInputEvents = YES;
				INFOPLIST_KEY_UILaunchStoryboardName = LaunchScreen;
				INFOPLIST_KEY_UIMainStoryboardFile = Main;
				INFOPLIST_KEY_UISupportedInterfaceOrientations_iPad = "UIInterfaceOrientationPortrait UIInterfaceOrientationPortraitUpsideDown UIInterfaceOrientationLandscapeLeft UIInterfaceOrientationLandscapeRight";
				INFOPLIST_KEY_UISupportedInterfaceOrientations_iPhone = "UIInterfaceOrientationPortrait UIInterfaceOrientationLandscapeLeft UIInterfaceOrientationLandscapeRight";
				LD_RUNPATH_SEARCH_PATHS = (
					"$(inherited)",
					"@executable_path/Frameworks",
				);
				MARKETING_VERSION = 1.0;
				PRODUCT_BUNDLE_IDENTIFIER = techie.Tableview;
				PRODUCT_NAME = "$(TARGET_NAME)";
				SWIFT_EMIT_LOC_STRINGS = YES;
				SWIFT_VERSION = 5.0;
				TARGETED_DEVICE_FAMILY = "1,2";
			};
			name = Debug;
		};
		106068022898603B00DAE8E0 /* Release */ = {
			isa = XCBuildConfiguration;
			buildSettings = {
				ASSETCATALOG_COMPILER_APPICON_NAME = AppIcon;
				ASSETCATALOG_COMPILER_GLOBAL_ACCENT_COLOR_NAME = AccentColor;
				CODE_SIGN_STYLE = Automatic;
				CURRENT_PROJECT_VERSION = 1;
				GENERATE_INFOPLIST_FILE = YES;
				INFOPLIST_FILE = Tableview/Info.plist;
				INFOPLIST_KEY_UIApplicationSupportsIndirectInputEvents = YES;
				INFOPLIST_KEY_UILaunchStoryboardName = LaunchScreen;
				INFOPLIST_KEY_UIMainStoryboardFile = Main;
				INFOPLIST_KEY_UISupportedInterfaceOrientations_iPad = "UIInterfaceOrientationPortrait UIInterfaceOrientationPortraitUpsideDown UIInterfaceOrientationLandscapeLeft UIInterfaceOrientationLandscapeRight";
				INFOPLIST_KEY_UISupportedInterfaceOrientations_iPhone = "UIInterfaceOrientationPortrait UIInterfaceOrientationLandscapeLeft UIInterfaceOrientationLandscapeRight";
				LD_RUNPATH_SEARCH_PATHS = (
					"$(inherited)",
					"@executable_path/Frameworks",
				);
				MARKETING_VERSION = 1.0;
				PRODUCT_BUNDLE_IDENTIFIER = techie.Tableview;
				PRODUCT_NAME = "$(TARGET_NAME)";
				SWIFT_EMIT_LOC_STRINGS = YES;
				SWIFT_VERSION = 5.0;
				TARGETED_DEVICE_FAMILY = "1,2";
			};
			name = Release;
		};
		106068042898603B00DAE8E0 /* Debug */ = {
			isa = XCBuildConfiguration;
			buildSettings = {
				ALWAYS_EMBED_SWIFT_STANDARD_LIBRARIES = YES;
				BUNDLE_LOADER = "$(TEST_HOST)";
				CODE_SIGN_STYLE = Automatic;
				CURRENT_PROJECT_VERSION = 1;
				GENERATE_INFOPLIST_FILE = YES;
				IPHONEOS_DEPLOYMENT_TARGET = 15.5;
				MARKETING_VERSION = 1.0;
				PRODUCT_BUNDLE_IDENTIFIER = techie.TableviewTests;
				PRODUCT_NAME = "$(TARGET_NAME)";
				SWIFT_EMIT_LOC_STRINGS = NO;
				SWIFT_VERSION = 5.0;
				TARGETED_DEVICE_FAMILY = "1,2";
				TEST_HOST = "$(BUILT_PRODUCTS_DIR)/Tableview.app/Tableview";
			};
			name = Debug;
		};
		106068052898603B00DAE8E0 /* Release */ = {
			isa = XCBuildConfiguration;
			buildSettings = {
				ALWAYS_EMBED_SWIFT_STANDARD_LIBRARIES = YES;
				BUNDLE_LOADER = "$(TEST_HOST)";
				CODE_SIGN_STYLE = Automatic;
				CURRENT_PROJECT_VERSION = 1;
				GENERATE_INFOPLIST_FILE = YES;
				IPHONEOS_DEPLOYMENT_TARGET = 15.5;
				MARKETING_VERSION = 1.0;
				PRODUCT_BUNDLE_IDENTIFIER = techie.TableviewTests;
				PRODUCT_NAME = "$(TARGET_NAME)";
				SWIFT_EMIT_LOC_STRINGS = NO;
				SWIFT_VERSION = 5.0;
				TARGETED_DEVICE_FAMILY = "1,2";
				TEST_HOST = "$(BUILT_PRODUCTS_DIR)/Tableview.app/Tableview";
			};
			name = Release;
		};
		106068072898603B00DAE8E0 /* Debug */ = {
			isa = XCBuildConfiguration;
			buildSettings = {
				ALWAYS_EMBED_SWIFT_STANDARD_LIBRARIES = YES;
				CODE_SIGN_STYLE = Automatic;
				CURRENT_PROJECT_VERSION = 1;
				GENERATE_INFOPLIST_FILE = YES;
				MARKETING_VERSION = 1.0;
				PRODUCT_BUNDLE_IDENTIFIER = techie.TableviewUITests;
				PRODUCT_NAME = "$(TARGET_NAME)";
				SWIFT_EMIT_LOC_STRINGS = NO;
				SWIFT_VERSION = 5.0;
				TARGETED_DEVICE_FAMILY = "1,2";
				TEST_TARGET_NAME = Tableview;
			};
			name = Debug;
		};
		106068082898603B00DAE8E0 /* Release */ = {
			isa = XCBuildConfiguration;
			buildSettings = {
				ALWAYS_EMBED_SWIFT_STANDARD_LIBRARIES = YES;
				CODE_SIGN_STYLE = Automatic;
				CURRENT_PROJECT_VERSION = 1;
				GENERATE_INFOPLIST_FILE = YES;
				MARKETING_VERSION = 1.0;
				PRODUCT_BUNDLE_IDENTIFIER = techie.TableviewUITests;
				PRODUCT_NAME = "$(TARGET_NAME)";
				SWIFT_EMIT_LOC_STRINGS = NO;
				SWIFT_VERSION = 5.0;
				TARGETED_DEVICE_FAMILY = "1,2";
				TEST_TARGET_NAME = Tableview;
			};
			name = Release;
		};
/* End XCBuildConfiguration section */

/* Begin XCConfigurationList section */
		106067D12898603800DAE8E0 /* Build configuration list for PBXProject "Tableview" */ = {
			isa = XCConfigurationList;
			buildConfigurations = (
				106067FE2898603B00DAE8E0 /* Debug */,
				106067FF2898603B00DAE8E0 /* Release */,
			);
			defaultConfigurationIsVisible = 0;
			defaultConfigurationName = Release;
		};
		106068002898603B00DAE8E0 /* Build configuration list for PBXNativeTarget "Tableview" */ = {
			isa = XCConfigurationList;
			buildConfigurations = (
				106068012898603B00DAE8E0 /* Debug */,
				106068022898603B00DAE8E0 /* Release */,
			);
			defaultConfigurationIsVisible = 0;
			defaultConfigurationName = Release;
		};
		106068032898603B00DAE8E0 /* Build configuration list for PBXNativeTarget "TableviewTests" */ = {
			isa = XCConfigurationList;
			buildConfigurations = (
				106068042898603B00DAE8E0 /* Debug */,
				106068052898603B00DAE8E0 /* Release */,
			);
			defaultConfigurationIsVisible = 0;
			defaultConfigurationName = Release;
		};
		106068062898603B00DAE8E0 /* Build configuration list for PBXNativeTarget "TableviewUITests" */ = {
			isa = XCConfigurationList;
			buildConfigurations = (
				106068072898603B00DAE8E0 /* Debug */,
				106068082898603B00DAE8E0 /* Release */,
			);
			defaultConfigurationIsVisible = 0;
			defaultConfigurationName = Release;
		};
/* End XCConfigurationList section */
	};
	rootObject = 106067CE2898603800DAE8E0 /* Project object */;
}
